# @generated - this file is auto-generated by `mise lock` https://mise.jdx.dev/dev-tools/mise-lock.html

lockfile_version = 1

[[tools.go]]
version = "1.25.14"
backend = "core:go"
specifiers = ["1.25"]

[tools.go."platforms.linux-arm64"]
checksum = "sha256:9bf234ea70ffec9347fdf6b22ce4add51717d3386a38a441e8c8743fceb5eaee"
url = "https://dl.google.com/go/go1.25.14.linux-arm64.tar.gz"

[tools.go."platforms.linux-arm64-musl"]
checksum = "sha256:9bf234ea70ffec9347fdf6b22ce4add51717d3386a38a441e8c8743fceb5eaee"
url = "https://dl.google.com/go/go1.25.14.linux-arm64.tar.gz"

[tools.go."platforms.linux-x64"]
checksum = "sha256:a21ae5633a269bcd7e90cf767e48225633795e99d831742cbf3397064fee7712"
url = "https://dl.google.com/go/go1.25.14.linux-amd64.tar.gz"

[tools.go."platforms.linux-x64-musl"]
checksum = "sha256:a21ae5633a269bcd7e90cf767e48225633795e99d831742cbf3397064fee7712"
url = "https://dl.google.com/go/go1.25.14.linux-amd64.tar.gz"

[tools.go."platforms.macos-arm64"]
checksum = "sha256:5b26c0b6f308240fca2614fb02f622cfcc8c0cc3b69c78bba4845489a4590259"
url = "https://dl.google.com/go/go1.25.14.darwin-arm64.tar.gz"

[tools.go."platforms.macos-x64"]
checksum = "sha256:b09087a67d5792a8b0fcbf74212d62560c94ac8a8fd750ff920d8cb5f1e20118"
url = "https://dl.google.com/go/go1.25.14.darwin-amd64.tar.gz"

[tools.go."platforms.windows-x64"]
checksum = "sha256:119044a92b3987c341cd6aebb256676dd4780d292f7b4e72a3e9976677841697"
url = "https://dl.google.com/go/go1.25.14.windows-amd64.zip"
